PODS:
  - Alamofire (5.0.5)
  - IQKeyboardManagerSwift (6.5.5)
  - ObjectMapper (3.5.2)
  - SDWebImage (5.6.1):
    - SDWebImage/Core (= 5.6.1)
  - SDWebImage/Core (5.6.1)

DEPENDENCIES:
  - Alamofire
  - IQKeyboardManagerSwift
  - ObjectMapper
  - SDWebImage

SPEC REPOS:
  trunk:
    - Alamofire
    - IQKeyboardManagerSwift
    - ObjectMapper
    - SDWebImage

SPEC CHECKSUMS:
  Alamofire: df2f8f826963b08b9a870791ad48e07a10090b2e
  IQKeyboardManagerSwift: 0fb93310284665245591f50f7a5e38de615960b7
  ObjectMapper: b53ae947d370bf89423e86be7d4e2d2b2a8d3f40
  SDWebImage: 7edb9c3ea661e77a66661f7f044de8c1b55d1120

PODFILE CHECKSUM: 4ae3b629ee22513c3f04ada3ac82742e4b6987e9

COCOAPODS: 1.8.4
